
Microsoft Visual Studio Solution File, Format Version 12.00
# Visual Studio 2013
VisualStudioVersion = 12.0.40629.0
MinimumVisualStudioVersion = 10.0.40219.1
Project("{FAE04EC0-301F-11D3-BF4B-00C04F79EFBC}") = "EqualityComparer.Json", "EqualityComparer.Json\EqualityComparer.Json.csproj", "{512795C1-CFB0-4A6E-A1FC-5CD920442627}"
EndProject
Project("{FAE04EC0-301F-11D3-BF4B-00C04F79EFBC}") = "EqualityComparer.Json.Samples", "EqualityComparer.Json.Samples\EqualityComparer.Json.Samples.csproj", "{B7CD776D-E96C-472E-8791-786D2792996E}"
EndProject
Global
	GlobalSection(SolutionConfigurationPlatforms) = preSolution
		Debug|Any CPU = Debug|Any CPU
		Release|Any CPU = Release|Any CPU
	EndGlobalSection
	GlobalSection(ProjectConfigurationPlatforms) = postSolution
		{512795C1-CFB0-4A6E-A1FC-5CD920442627}.Debug|Any CPU.ActiveCfg = Debug|Any CPU
		{512795C1-CFB0-4A6E-A1FC-5CD920442627}.Debug|Any CPU.Build.0 = Debug|Any CPU
		{512795C1-CFB0-4A6E-A1FC-5CD920442627}.Release|Any CPU.ActiveCfg = Release|Any CPU
		{512795C1-CFB0-4A6E-A1FC-5CD920442627}.Release|Any CPU.Build.0 = Release|Any CPU
		{B7CD776D-E96C-472E-8791-786D2792996E}.Debug|Any CPU.ActiveCfg = Debug|Any CPU
		{B7CD776D-E96C-472E-8791-786D2792996E}.Debug|Any CPU.Build.0 = Debug|Any CPU
		{B7CD776D-E96C-472E-8791-786D2792996E}.Release|Any CPU.ActiveCfg = Release|Any CPU
		{B7CD776D-E96C-472E-8791-786D2792996E}.Release|Any CPU.Build.0 = Release|Any CPU
	EndGlobalSection
	GlobalSection(SolutionProperties) = preSolution
		HideSolutionNode = FALSE
	EndGlobalSection
EndGlobal
